
Microsoft Visual Studio Solution File, Format Version 12.00
# Visual Studio Version 16
VisualStudioVersion = 16.0.31624.102
MinimumVisualStudioVersion = 10.0.40219.1
Project("{9A19103F-16F7-4668-BE54-9A1E7A4F7556}") = "Ecom.API.Rest", "Ecom.API.Rest\Ecom.API.Rest.csproj", "{E339EBE4-80D1-478D-8A93-FACDC8804461}"
EndProject
Project("{FAE04EC0-301F-11D3-BF4B-00C04F79EFBC}") = "Ecom.Apps.Infrastructure", "Ecom.Apps.Data\Ecom.Apps.Infrastructure.csproj", "{2C4F34D0-36C3-4495-8EA4-B7712CEBDABF}"
EndProject
Project("{FAE04EC0-301F-11D3-BF4B-00C04F79EFBC}") = "Ecom.Apps.Core", "Ecom.Apps.Core\Ecom.Apps.Core.csproj", "{7A6963BE-D8FA-4F79-8B04-B11412276A65}"
EndProject
Global
	GlobalSection(SolutionConfigurationPlatforms) = preSolution
		Debug|Any CPU = Debug|Any CPU
		Release|Any CPU = Release|Any CPU
	EndGlobalSection
	GlobalSection(ProjectConfigurationPlatforms) = postSolution
		{E339EBE4-80D1-478D-8A93-FACDC8804461}.Debug|Any CPU.ActiveCfg = Debug|Any CPU
		{E339EBE4-80D1-478D-8A93-FACDC8804461}.Debug|Any CPU.Build.0 = Debug|Any CPU
		{E339EBE4-80D1-478D-8A93-FACDC8804461}.Release|Any CPU.ActiveCfg = Release|Any CPU
		{E339EBE4-80D1-478D-8A93-FACDC8804461}.Release|Any CPU.Build.0 = Release|Any CPU
		{2C4F34D0-36C3-4495-8EA4-B7712CEBDABF}.Debug|Any CPU.ActiveCfg = Debug|Any CPU
		{2C4F34D0-36C3-4495-8EA4-B7712CEBDABF}.Debug|Any CPU.Build.0 = Debug|Any CPU
		{2C4F34D0-36C3-4495-8EA4-B7712CEBDABF}.Release|Any CPU.ActiveCfg = Release|Any CPU
		{2C4F34D0-36C3-4495-8EA4-B7712CEBDABF}.Release|Any CPU.Build.0 = Release|Any CPU
		{7A6963BE-D8FA-4F79-8B04-B11412276A65}.Debug|Any CPU.ActiveCfg = Debug|Any CPU
		{7A6963BE-D8FA-4F79-8B04-B11412276A65}.Debug|Any CPU.Build.0 = Debug|Any CPU
		{7A6963BE-D8FA-4F79-8B04-B11412276A65}.Release|Any CPU.ActiveCfg = Release|Any CPU
		{7A6963BE-D8FA-4F79-8B04-B11412276A65}.Release|Any CPU.Build.0 = Release|Any CPU
	EndGlobalSection
	GlobalSection(SolutionProperties) = preSolution
		HideSolutionNode = FALSE
	EndGlobalSection
	GlobalSection(ExtensibilityGlobals) = postSolution
		SolutionGuid = {E6BEF741-58E0-439C-B729-F019D910F966}
	EndGlobalSection
EndGlobal
